
Microsoft Visual Studio Solution File, Format Version 12.00
# Visual Studio Version 17
VisualStudioVersion = 17.12.35521.163
MinimumVisualStudioVersion = 10.0.40219.1
Project("{FAE04EC0-301F-11D3-BF4B-00C04F79EFBC}") = "MaverickBankReal", "MaverickBankReal.csproj", "{0FEC2CEE-3695-42EB-B24A-0D2C3A5ECCAD}"
EndProject
Global
	GlobalSection(SolutionConfigurationPlatforms) = preSolution
		Debug|Any CPU = Debug|Any CPU
		Release|Any CPU = Release|Any CPU
	EndGlobalSection
	GlobalSection(ProjectConfigurationPlatforms) = postSolution
		{0FEC2CEE-3695-42EB-B24A-0D2C3A5ECCAD}.Debug|Any CPU.ActiveCfg = Debug|Any CPU
		{0FEC2CEE-3695-42EB-B24A-0D2C3A5ECCAD}.Debug|Any CPU.Build.0 = Debug|Any CPU
		{0FEC2CEE-3695-42EB-B24A-0D2C3A5ECCAD}.Release|Any CPU.ActiveCfg = Release|Any CPU
		{0FEC2CEE-3695-42EB-B24A-0D2C3A5ECCAD}.Release|Any CPU.Build.0 = Release|Any CPU
	EndGlobalSection
	GlobalSection(SolutionProperties) = preSolution
		HideSolutionNode = FALSE
	EndGlobalSection
EndGlobal
